
Microsoft Visual Studio Solution File, Format Version 12.00
# Visual Studio Version 16
VisualStudioVersion = 16.0.31624.102
MinimumVisualStudioVersion = 10.0.40219.1
Project("{FAE04EC0-301F-11D3-BF4B-00C04F79EFBC}") = "Auth.Data", "Auth.Data\Auth.Data.csproj", "{5E3FCADC-8D30-421D-A673-3D96B9F6C4FA}"
EndProject
Project("{FAE04EC0-301F-11D3-BF4B-00C04F79EFBC}") = "Auth.Web", "Auth.Web\Auth.Web.csproj", "{A9978BA3-2174-45E1-A281-6B153D5A0E45}"
EndProject
Global
	GlobalSection(SolutionConfigurationPlatforms) = preSolution
		Debug|Any CPU = Debug|Any CPU
		Release|Any CPU = Release|Any CPU
	EndGlobalSection
	GlobalSection(ProjectConfigurationPlatforms) = postSolution
		{5E3FCADC-8D30-421D-A673-3D96B9F6C4FA}.Debug|Any CPU.ActiveCfg = Debug|Any CPU
		{5E3FCADC-8D30-421D-A673-3D96B9F6C4FA}.Debug|Any CPU.Build.0 = Debug|Any CPU
		{5E3FCADC-8D30-421D-A673-3D96B9F6C4FA}.Release|Any CPU.ActiveCfg = Release|Any CPU
		{5E3FCADC-8D30-421D-A673-3D96B9F6C4FA}.Release|Any CPU.Build.0 = Release|Any CPU
		{A9978BA3-2174-45E1-A281-6B153D5A0E45}.Debug|Any CPU.ActiveCfg = Debug|Any CPU
		{A9978BA3-2174-45E1-A281-6B153D5A0E45}.Debug|Any CPU.Build.0 = Debug|Any CPU
		{A9978BA3-2174-45E1-A281-6B153D5A0E45}.Release|Any CPU.ActiveCfg = Release|Any CPU
		{A9978BA3-2174-45E1-A281-6B153D5A0E45}.Release|Any CPU.Build.0 = Release|Any CPU
	EndGlobalSection
	GlobalSection(SolutionProperties) = preSolution
		HideSolutionNode = FALSE
	EndGlobalSection
	GlobalSection(ExtensibilityGlobals) = postSolution
		SolutionGuid = {F0417603-63B3-4D48-B325-E973CD67C0F6}
	EndGlobalSection
EndGlobal
